PODS:
  - Deviice (1.20)
  - Luminous (2.0.0):
    - Deviice

DEPENDENCIES:
  - Luminous (from `../`)

SPEC REPOS:
  https://github.com/CocoaPods/Specs.git:
    - Deviice

EXTERNAL SOURCES:
  Luminous:
    :path: "../"

SPEC CHECKSUMS:
  Deviice: 04d4669725709743bb9f54119039f429681eabbb
  Luminous: 1db23997225f9d1a84a5684d6a903de57afc28dd

PODFILE CHECKSUM: 33a6a638d825998a3ec0450afaa7114e0144de11

COCOAPODS: 1.9.3
