PODS:
  - Deviice (1.20)
  - Luminous (1.11):
    - Deviice

DEPENDENCIES:
  - Luminous (from `../`)

SPEC REPOS:
  https://github.com/CocoaPods/Specs.git:
    - Deviice

EXTERNAL SOURCES:
  Luminous:
    :path: "../"

SPEC CHECKSUMS:
  Deviice: 04d4669725709743bb9f54119039f429681eabbb
  Luminous: 04347ecf6dd49e4250c0294d3a545f15c4e9dd87

PODFILE CHECKSUM: 33a6a638d825998a3ec0450afaa7114e0144de11

COCOAPODS: 1.8.4
